// !$*UTF8*$!
{
	archiveVersion = 1;
	classes = {
	};
	objectVersion = 50;
	objects = {

/* Begin PBXBuildFile section */
		386F0FA82287FEA0005858C4 /* AppDelegate.swift in Sources */ = {isa = PBXBuildFile; fileRef = 386F0FA72287FEA0005858C4 /* AppDelegate.swift */; };
		386F0FAA2287FEA0005858C4 /* ViewController.swift in Sources */ = {isa = PBXBuildFile; fileRef = 386F0FA92287FEA0005858C4 /* ViewController.swift */; };
		386F0FAD2287FEA0005858C4 /* Main.storyboard in Resources */ = {isa = PBXBuildFile; fileRef = 386F0FAB2287FEA0005858C4 /* Main.storyboard */; };
		386F0FAF2287FEA2005858C4 /* Assets.xcassets in Resources */ = {isa = PBXBuildFile; fileRef = 386F0FAE2287FEA2005858C4 /* Assets.xcassets */; };
		386F0FB22287FEA2005858C4 /* LaunchScreen.storyboard in Resources */ = {isa = PBXBuildFile; fileRef = 386F0FB02287FEA2005858C4 /* LaunchScreen.storyboard */; };
		386F0FBD2287FEA2005858C4 /* calcQuizAppTests.swift in Sources */ = {isa = PBXBuildFile; fileRef = 386F0FBC2287FEA2005858C4 /* calcQuizAppTests.swift */; };
		386F0FC82287FEA2005858C4 /* calcQuizAppUITests.swift in Sources */ = {isa = PBXBuildFile; fileRef = 386F0FC72287FEA2005858C4 /* calcQuizAppUITests.swift */; };
/* End PBXBuildFile section */

/* Begin PBXContainerItemProxy section */
		386F0FB92287FEA2005858C4 /* PBXContainerItemProxy */ = {
			isa = PBXContainerItemProxy;
			containerPortal = 386F0F9C2287FEA0005858C4 /* Project object */;
			proxyType = 1;
			remoteGlobalIDString = 386F0FA32287FEA0005858C4;
			remoteInfo = calcQuizApp;
		};
		386F0FC42287FEA2005858C4 /* PBXContainerItemProxy */ = {
			isa = PBXContainerItemProxy;
			containerPortal = 386F0F9C2287FEA0005858C4 /* Project object */;
			proxyType = 1;
			remoteGlobalIDString = 386F0FA32287FEA0005858C4;
			remoteInfo = calcQuizApp;
		};
/* End PBXContainerItemProxy section */

/* Begin PBXFileReference section */
		386F0FA42287FEA0005858C4 /* calcQuizApp.app */ = {isa = PBXFileReference; explicitFileType = wrapper.application; includeInIndex = 0; path = calcQuizApp.app; sourceTree = BUILT_PRODUCTS_DIR; };
		386F0FA72287FEA0005858C4 /* AppDelegate.swift */ = {isa = PBXFileReference; lastKnownFileType = sourcecode.swift; path = AppDelegate.swift; sourceTree = "<group>"; };
		386F0FA92287FEA0005858C4 /* ViewController.swift */ = {isa = PBXFileReference; lastKnownFileType = sourcecode.swift; path = ViewController.swift; sourceTree = "<group>"; };
		386F0FAC2287FEA0005858C4 /* Base */ = {isa = PBXFileReference; lastKnownFileType = file.storyboard; name = Base; path = Base.lproj/Main.storyboard; sourceTree = "<group>"; };
		386F0FAE2287FEA2005858C4 /* Assets.xcassets */ = {isa = PBXFileReference; lastKnownFileType = folder.assetcatalog; path = Assets.xcassets; sourceTree = "<group>"; };
		386F0FB12287FEA2005858C4 /* Base */ = {isa = PBXFileReference; lastKnownFileType = file.storyboard; name = Base; path = Base.lproj/LaunchScreen.storyboard; sourceTree = "<group>"; };
		386F0FB32287FEA2005858C4 /* Info.plist */ = {isa = PBXFileReference; lastKnownFileType = text.plist.xml; path = Info.plist; sourceTree = "<group>"; };
		386F0FB82287FEA2005858C4 /* calcQuizAppTests.xctest */ = {isa = PBXFileReference; explicitFileType = wrapper.cfbundle; includeInIndex = 0; path = calcQuizAppTests.xctest; sourceTree = BUILT_PRODUCTS_DIR; };
		386F0FBC2287FEA2005858C4 /* calcQuizAppTests.swift */ = {isa = PBXFileReference; lastKnownFileType = sourcecode.swift; path = calcQuizAppTests.swift; sourceTree = "<group>"; };
		386F0FBE2287FEA2005858C4 /* Info.plist */ = {isa = PBXFileReference; lastKnownFileType = text.plist.xml; path = Info.plist; sourceTree = "<group>"; };
		386F0FC32287FEA2005858C4 /* calcQuizAppUITests.xctest */ = {isa = PBXFileReference; explicitFileType = wrapper.cfbundle; includeInIndex = 0; path = calcQuizAppUITests.xctest; sourceTree = BUILT_PRODUCTS_DIR; };
		386F0FC72287FEA2005858C4 /* calcQuizAppUITests.swift */ = {isa = PBXFileReference; lastKnownFileType = sourcecode.swift; path = calcQuizAppUITests.swift; sourceTree = "<group>"; };
		386F0FC92287FEA2005858C4 /* Info.plist */ = {isa = PBXFileReference; lastKnownFileType = text.plist.xml; path = Info.plist; sourceTree = "<group>"; };
/* End PBXFileReference section */

/* Begin PBXFrameworksBuildPhase section */
		386F0FA12287FEA0005858C4 /* Frameworks */ = {
			isa = PBXFrameworksBuildPhase;
			buildActionMask = 2147483647;
			files = (
			);
			runOnlyForDeploymentPostprocessing = 0;
		};
		386F0FB52287FEA2005858C4 /* Frameworks */ = {
			isa = PBXFrameworksBuildPhase;
			buildActionMask = 2147483647;
			files = (
			);
			runOnlyForDeploymentPostprocessing = 0;
		};
		386F0FC02287FEA2005858C4 /* Frameworks */ = {
			isa = PBXFrameworksBuildPhase;
			buildActionMask = 2147483647;
			files = (
			);
			runOnlyForDeploymentPostprocessing = 0;
		};
/* End PBXFrameworksBuildPhase section */

/* Begin PBXGroup section */
		386F0F9B2287FEA0005858C4 = {
			isa = PBXGroup;
			children = (
				386F0FA62287FEA0005858C4 /* calcQuizApp */,
				386F0FBB2287FEA2005858C4 /* calcQuizAppTests */,
				386F0FC62287FEA2005858C4 /* calcQuizAppUITests */,
				386F0FA52287FEA0005858C4 /* Products */,
			);
			sourceTree = "<group>";
		};
		386F0FA52287FEA0005858C4 /* Products */ = {
			isa = PBXGroup;
			children = (
				386F0FA42287FEA0005858C4 /* calcQuizApp.app */,
				386F0FB82287FEA2005858C4 /* calcQuizAppTests.xctest */,
				386F0FC32287FEA2005858C4 /* calcQuizAppUITests.xctest */,
			);
			name = Products;
			sourceTree = "<group>";
		};
		386F0FA62287FEA0005858C4 /* calcQuizApp */ = {
			isa = PBXGroup;
			children = (
				386F0FA72287FEA0005858C4 /* AppDelegate.swift */,
				386F0FA92287FEA0005858C4 /* ViewController.swift */,
				386F0FAB2287FEA0005858C4 /* Main.storyboard */,
				386F0FAE2287FEA2005858C4 /* Assets.xcassets */,
				386F0FB02287FEA2005858C4 /* LaunchScreen.storyboard */,
				386F0FB32287FEA2005858C4 /* Info.plist */,
			);
			path = calcQuizApp;
			sourceTree = "<group>";
		};
		386F0FBB2287FEA2005858C4 /* calcQuizAppTests */ = {
			isa = PBXGroup;
			children = (
				386F0FBC2287FEA2005858C4 /* calcQuizAppTests.swift */,
				386F0FBE2287FEA2005858C4 /* Info.plist */,
			);
			path = calcQuizAppTests;
			sourceTree = "<group>";
		};
		386F0FC62287FEA2005858C4 /* calcQuizAppUITests */ = {
			isa = PBXGroup;
			children = (
				386F0FC72287FEA2005858C4 /* calcQuizAppUITests.swift */,
				386F0FC92287FEA2005858C4 /* Info.plist */,
			);
			path = calcQuizAppUITests;
			sourceTree = "<group>";
		};
/* End PBXGroup section */

/* Begin PBXNativeTarget section */
		386F0FA32287FEA0005858C4 /* calcQuizApp */ = {
			isa = PBXNativeTarget;
			buildConfigurationList = 386F0FCC2287FEA2005858C4 /* Build configuration list for PBXNativeTarget "calcQuizApp" */;
			buildPhases = (
				386F0FA02287FEA0005858C4 /* Sources */,
				386F0FA12287FEA0005858C4 /* Frameworks */,
				386F0FA22287FEA0005858C4 /* Resources */,
			);
			buildRules = (
			);
			dependencies = (
			);
			name = calcQuizApp;
			productName = calcQuizApp;
			productReference = 386F0FA42287FEA0005858C4 /* calcQuizApp.app */;
			productType = "com.apple.product-type.application";
		};
		386F0FB72287FEA2005858C4 /* calcQuizAppTests */ = {
			isa = PBXNativeTarget;
			buildConfigurationList = 386F0FCF2287FEA2005858C4 /* Build configuration list for PBXNativeTarget "calcQuizAppTests" */;
			buildPhases = (
				386F0FB42287FEA2005858C4 /* Sources */,
				386F0FB52287FEA2005858C4 /* Frameworks */,
				386F0FB62287FEA2005858C4 /* Resources */,
			);
			buildRules = (
			);
			dependencies = (
				386F0FBA2287FEA2005858C4 /* PBXTargetDependency */,
			);
			name = calcQuizAppTests;
			productName = calcQuizAppTests;
			productReference = 386F0FB82287FEA2005858C4 /* calcQuizAppTests.xctest */;
			productType = "com.apple.product-type.bundle.unit-test";
		};
		386F0FC22287FEA2005858C4 /* calcQuizAppUITests */ = {
			isa = PBXNativeTarget;
			buildConfigurationList = 386F0FD22287FEA2005858C4 /* Build configuration list for PBXNativeTarget "calcQuizAppUITests" */;
			buildPhases = (
				386F0FBF2287FEA2005858C4 /* Sources */,
				386F0FC02287FEA2005858C4 /* Frameworks */,
				386F0FC12287FEA2005858C4 /* Resources */,
			);
			buildRules = (
			);
			dependencies = (
				386F0FC52287FEA2005858C4 /* PBXTargetDependency */,
			);
			name = calcQuizAppUITests;
			productName = calcQuizAppUITests;
			productReference = 386F0FC32287FEA2005858C4 /* calcQuizAppUITests.xctest */;
			productType = "com.apple.product-type.bundle.ui-testing";
		};
/* End PBXNativeTarget section */

/* Begin PBXProject section */
		386F0F9C2287FEA0005858C4 /* Project object */ = {
			isa = PBXProject;
			attributes = {
				LastSwiftUpdateCheck = 1020;
				LastUpgradeCheck = 1020;
				ORGANIZATIONNAME = "石川佑樹";
				TargetAttributes = {
					386F0FA32287FEA0005858C4 = {
						CreatedOnToolsVersion = 10.2.1;
					};
					386F0FB72287FEA2005858C4 = {
						CreatedOnToolsVersion = 10.2.1;
						TestTargetID = 386F0FA32287FEA0005858C4;
					};
					386F0FC22287FEA2005858C4 = {
						CreatedOnToolsVersion = 10.2.1;
						TestTargetID = 386F0FA32287FEA0005858C4;
					};
				};
			};
			buildConfigurationList = 386F0F9F2287FEA0005858C4 /* Build configuration list for PBXProject "calcQuizApp" */;
			compatibilityVersion = "Xcode 9.3";
			developmentRegion = en;
			hasScannedForEncodings = 0;
			knownRegions = (
				en,
				Base,
			);
			mainGroup = 386F0F9B2287FEA0005858C4;
			productRefGroup = 386F0FA52287FEA0005858C4 /* Products */;
			projectDirPath = "";
			projectRoot = "";
			targets = (
				386F0FA32287FEA0005858C4 /* calcQuizApp */,
				386F0FB72287FEA2005858C4 /* calcQuizAppTests */,
				386F0FC22287FEA2005858C4 /* calcQuizAppUITests */,
			);
		};
/* End PBXProject section */

/* Begin PBXResourcesBuildPhase section */
		386F0FA22287FEA0005858C4 /* Resources */ = {
			isa = PBXResourcesBuildPhase;
			buildActionMask = 2147483647;
			files = (
				386F0FB22287FEA2005858C4 /* LaunchScreen.storyboard in Resources */,
				386F0FAF2287FEA2005858C4 /* Assets.xcassets in Resources */,
				386F0FAD2287FEA0005858C4 /* Main.storyboard in Resources */,
			);
			runOnlyForDeploymentPostprocessing = 0;
		};
		386F0FB62287FEA2005858C4 /* Resources */ = {
			isa = PBXResourcesBuildPhase;
			buildActionMask = 2147483647;
			files = (
			);
			runOnlyForDeploymentPostprocessing = 0;
		};
		386F0FC12287FEA2005858C4 /* Resources */ = {
			isa = PBXResourcesBuildPhase;
			buildActionMask = 2147483647;
			files = (
			);
			runOnlyForDeploymentPostprocessing = 0;
		};
/* End PBXResourcesBuildPhase section */

/* Begin PBXSourcesBuildPhase section */
		386F0FA02287FEA0005858C4 /* Sources */ = {
			isa = PBXSourcesBuildPhase;
			buildActionMask = 2147483647;
			files = (
				386F0FAA2287FEA0005858C4 /* ViewController.swift in Sources */,
				386F0FA82287FEA0005858C4 /* AppDelegate.swift in Sources */,
			);
			runOnlyForDeploymentPostprocessing = 0;
		};
		386F0FB42287FEA2005858C4 /* Sources */ = {
			isa = PBXSourcesBuildPhase;
			buildActionMask = 2147483647;
			files = (
				386F0FBD2287FEA2005858C4 /* calcQuizAppTests.swift in Sources */,
			);
			runOnlyForDeploymentPostprocessing = 0;
		};
		386F0FBF2287FEA2005858C4 /* Sources */ = {
			isa = PBXSourcesBuildPhase;
			buildActionMask = 2147483647;
			files = (
				386F0FC82287FEA2005858C4 /* calcQuizAppUITests.swift in Sources */,
			);
			runOnlyForDeploymentPostprocessing = 0;
		};
/* End PBXSourcesBuildPhase section */

/* Begin PBXTargetDependency section */
		386F0FBA2287FEA2005858C4 /* PBXTargetDependency */ = {
			isa = PBXTargetDependency;
			target = 386F0FA32287FEA0005858C4 /* calcQuizApp */;
			targetProxy = 386F0FB92287FEA2005858C4 /* PBXContainerItemProxy */;
		};
		386F0FC52287FEA2005858C4 /* PBXTargetDependency */ = {
			isa = PBXTargetDependency;
			target = 386F0FA32287FEA0005858C4 /* calcQuizApp */;
			targetProxy = 386F0FC42287FEA2005858C4 /* PBXContainerItemProxy */;
		};
/* End PBXTargetDependency section */

/* Begin PBXVariantGroup section */
		386F0FAB2287FEA0005858C4 /* Main.storyboard */ = {
			isa = PBXVariantGroup;
			children = (
				386F0FAC2287FEA0005858C4 /* Base */,
			);
			name = Main.storyboard;
			sourceTree = "<group>";
		};
		386F0FB02287FEA2005858C4 /* LaunchScreen.storyboard */ = {
			isa = PBXVariantGroup;
			children = (
				386F0FB12287FEA2005858C4 /* Base */,
			);
			name = LaunchScreen.storyboard;
			sourceTree = "<group>";
		};
/* End PBXVariantGroup section */

/* Begin XCBuildConfiguration section */
		386F0FCA2287FEA2005858C4 /* Debug */ = {
			isa = XCBuildConfiguration;
			buildSettings = {
				ALWAYS_SEARCH_USER_PATHS = NO;
				CLANG_ANALYZER_NONNULL = YES;
				CLANG_ANALYZER_NUMBER_OBJECT_CONVERSION = YES_AGGRESSIVE;
				CLANG_CXX_LANGUAGE_STANDARD = "gnu++14";
				CLANG_CXX_LIBRARY = "libc++";
				CLANG_ENABLE_MODULES = YES;
				CLANG_ENABLE_OBJC_ARC = YES;
				CLANG_ENABLE_OBJC_WEAK = YES;
				CLANG_WARN_BLOCK_CAPTURE_AUTORELEASING = YES;
				CLANG_WARN_BOOL_CONVERSION = YES;
				CLANG_WARN_COMMA = YES;
				CLANG_WARN_CONSTANT_CONVERSION = YES;
				CLANG_WARN_DEPRECATED_OBJC_IMPLEMENTATIONS = YES;
				CLANG_WARN_DIRECT_OBJC_ISA_USAGE = YES_ERROR;
				CLANG_WARN_DOCUMENTATION_COMMENTS = YES;
				CLANG_WARN_EMPTY_BODY = YES;
				CLANG_WARN_ENUM_CONVERSION = YES;
				CLANG_WARN_INFINITE_RECURSION = YES;
				CLANG_WARN_INT_CONVERSION = YES;
				CLANG_WARN_NON_LITERAL_NULL_CONVERSION = YES;
				CLANG_WARN_OBJC_IMPLICIT_RETAIN_SELF = YES;
				CLANG_WARN_OBJC_LITERAL_CONVERSION = YES;
				CLANG_WARN_OBJC_ROOT_CLASS = YES_ERROR;
				CLANG_WARN_RANGE_LOOP_ANALYSIS = YES;
				CLANG_WARN_STRICT_PROTOTYPES = YES;
				CLANG_WARN_SUSPICIOUS_MOVE = YES;
				CLANG_WARN_UNGUARDED_AVAILABILITY = YES_AGGRESSIVE;
				CLANG_WARN_UNREACHABLE_CODE = YES;
				CLANG_WARN__DUPLICATE_METHOD_MATCH = YES;
				CODE_SIGN_IDENTITY = "iPhone Developer";
				COPY_PHASE_STRIP = NO;
				DEBUG_INFORMATION_FORMAT = dwarf;
				ENABLE_STRICT_OBJC_MSGSEND = YES;
				ENABLE_TESTABILITY = YES;
				GCC_C_LANGUAGE_STANDARD = gnu11;
				GCC_DYNAMIC_NO_PIC = NO;
				GCC_NO_COMMON_BLOCKS = YES;
				GCC_OPTIMIZATION_LEVEL = 0;
				GCC_PREPROCESSOR_DEFINITIONS = (
					"DEBUG=1",
					"$(inherited)",
				);
				GCC_WARN_64_TO_32_BIT_CONVERSION = YES;
				GCC_WARN_ABOUT_RETURN_TYPE = YES_ERROR;
				GCC_WARN_UNDECLARED_SELECTOR = YES;
				GCC_WARN_UNINITIALIZED_AUTOS = YES_AGGRESSIVE;
				GCC_WARN_UNUSED_FUNCTION = YES;
				GCC_WARN_UNUSED_VARIABLE = YES;
				IPHONEOS_DEPLOYMENT_TARGET = 12.2;
				MTL_ENABLE_DEBUG_INFO = INCLUDE_SOURCE;
				MTL_FAST_MATH = YES;
				ONLY_ACTIVE_ARCH = YES;
				SDKROOT = iphoneos;
				SWIFT_ACTIVE_COMPILATION_CONDITIONS = DEBUG;
				SWIFT_OPTIMIZATION_LEVEL = "-Onone";
			};
			name = Debug;
		};
		386F0FCB2287FEA2005858C4 /* Release */ = {
			isa = XCBuildConfiguration;
			buildSettings = {
				ALWAYS_SEARCH_USER_PATHS = NO;
				CLANG_ANALYZER_NONNULL = YES;
				CLANG_ANALYZER_NUMBER_OBJECT_CONVERSION = YES_AGGRESSIVE;
				CLANG_CXX_LANGUAGE_STANDARD = "gnu++14";
				CLANG_CXX_LIBRARY = "libc++";
				CLANG_ENABLE_MODULES = YES;
				CLANG_ENABLE_OBJC_ARC = YES;
				CLANG_ENABLE_OBJC_WEAK = YES;
				CLANG_WARN_BLOCK_CAPTURE_AUTORELEASING = YES;
				CLANG_WARN_BOOL_CONVERSION = YES;
				CLANG_WARN_COMMA = YES;
				CLANG_WARN_CONSTANT_CONVERSION = YES;
				CLANG_WARN_DEPRECATED_OBJC_IMPLEMENTATIONS = YES;
				CLANG_WARN_DIRECT_OBJC_ISA_USAGE = YES_ERROR;
				CLANG_WARN_DOCUMENTATION_COMMENTS = YES;
				CLANG_WARN_EMPTY_BODY = YES;
				CLANG_WARN_ENUM_CONVERSION = YES;
				CLANG_WARN_INFINITE_RECURSION = YES;
				CLANG_WARN_INT_CONVERSION = YES;
				CLANG_WARN_NON_LITERAL_NULL_CONVERSION = YES;
				CLANG_WARN_OBJC_IMPLICIT_RETAIN_SELF = YES;
				CLANG_WARN_OBJC_LITERAL_CONVERSION = YES;
				CLANG_WARN_OBJC_ROOT_CLASS = YES_ERROR;
				CLANG_WARN_RANGE_LOOP_ANALYSIS = YES;
				CLANG_WARN_STRICT_PROTOTYPES = YES;
				CLANG_WARN_SUSPICIOUS_MOVE = YES;
				CLANG_WARN_UNGUARDED_AVAILABILITY = YES_AGGRESSIVE;
				CLANG_WARN_UNREACHABLE_CODE = YES;
				CLANG_WARN__DUPLICATE_METHOD_MATCH = YES;
				CODE_SIGN_IDENTITY = "iPhone Developer";
				COPY_PHASE_STRIP = NO;
				DEBUG_INFORMATION_FORMAT = "dwarf-with-dsym";
				ENABLE_NS_ASSERTIONS = NO;
				ENABLE_STRICT_OBJC_MSGSEND = YES;
				GCC_C_LANGUAGE_STANDARD = gnu11;
				GCC_NO_COMMON_BLOCKS = YES;
				GCC_WARN_64_TO_32_BIT_CONVERSION = YES;
				GCC_WARN_ABOUT_RETURN_TYPE = YES_ERROR;
				GCC_WARN_UNDECLARED_SELECTOR = YES;
				GCC_WARN_UNINITIALIZED_AUTOS = YES_AGGRESSIVE;
				GCC_WARN_UNUSED_FUNCTION = YES;
				GCC_WARN_UNUSED_VARIABLE = YES;
				IPHONEOS_DEPLOYMENT_TARGET = 12.2;
				MTL_ENABLE_DEBUG_INFO = NO;
				MTL_FAST_MATH = YES;
				SDKROOT = iphoneos;
				SWIFT_COMPILATION_MODE = wholemodule;
				SWIFT_OPTIMIZATION_LEVEL = "-O";
				VALIDATE_PRODUCT = YES;
			};
			name = Release;
		};
		386F0FCD2287FEA2005858C4 /* Debug */ = {
			isa = XCBuildConfiguration;
			buildSettings = {
				ASSETCATALOG_COMPILER_APPICON_NAME = AppIcon;
				CODE_SIGN_STYLE = Automatic;
				DEVELOPMENT_TEAM = 434V22856W;
				INFOPLIST_FILE = calcQuizApp/Info.plist;
				LD_RUNPATH_SEARCH_PATHS = (
					"$(inherited)",
					"@executable_path/Frameworks",
				);
				PRODUCT_BUNDLE_IDENTIFIER = test.calcQuizApp;
				PRODUCT_NAME = "$(TARGET_NAME)";
				SWIFT_VERSION = 5.0;
				TARGETED_DEVICE_FAMILY = "1,2";
			};
			name = Debug;
		};
		386F0FCE2287FEA2005858C4 /* Release */ = {
			isa = XCBuildConfiguration;
			buildSettings = {
				ASSETCATALOG_COMPILER_APPICON_NAME = AppIcon;
				CODE_SIGN_STYLE = Automatic;
				DEVELOPMENT_TEAM = 434V22856W;
				INFOPLIST_FILE = calcQuizApp/Info.plist;
				LD_RUNPATH_SEARCH_PATHS = (
					"$(inherited)",
					"@executable_path/Frameworks",
				);
				PRODUCT_BUNDLE_IDENTIFIER = test.calcQuizApp;
				PRODUCT_NAME = "$(TARGET_NAME)";
				SWIFT_VERSION = 5.0;
				TARGETED_DEVICE_FAMILY = "1,2";
			};
			name = Release;
		};
		386F0FD02287FEA2005858C4 /* Debug */ = {
			isa = XCBuildConfiguration;
			buildSettings = {
				ALWAYS_EMBED_SWIFT_STANDARD_LIBRARIES = YES;
				BUNDLE_LOADER = "$(TEST_HOST)";
				CODE_SIGN_STYLE = Automatic;
				DEVELOPMENT_TEAM = 434V22856W;
				INFOPLIST_FILE = calcQuizAppTests/Info.plist;
				LD_RUNPATH_SEARCH_PATHS = (
					"$(inherited)",
					"@executable_path/Frameworks",
					"@loader_path/Frameworks",
				);
				PRODUCT_BUNDLE_IDENTIFIER = test.calcQuizAppTests;
				PRODUCT_NAME = "$(TARGET_NAME)";
				SWIFT_VERSION = 5.0;
				TARGETED_DEVICE_FAMILY = "1,2";
				TEST_HOST = "$(BUILT_PRODUCTS_DIR)/calcQuizApp.app/calcQuizApp";
			};
			name = Debug;
		};
		386F0FD12287FEA2005858C4 /* Release */ = {
			isa = XCBuildConfiguration;
			buildSettings = {
				ALWAYS_EMBED_SWIFT_STANDARD_LIBRARIES = YES;
				BUNDLE_LOADER = "$(TEST_HOST)";
				CODE_SIGN_STYLE = Automatic;
				DEVELOPMENT_TEAM = 434V22856W;
				INFOPLIST_FILE = calcQuizAppTests/Info.plist;
				LD_RUNPATH_SEARCH_PATHS = (
					"$(inherited)",
					"@executable_path/Frameworks",
					"@loader_path/Frameworks",
				);
				PRODUCT_BUNDLE_IDENTIFIER = test.calcQuizAppTests;
				PRODUCT_NAME = "$(TARGET_NAME)";
				SWIFT_VERSION = 5.0;
				TARGETED_DEVICE_FAMILY = "1,2";
				TEST_HOST = "$(BUILT_PRODUCTS_DIR)/calcQuizApp.app/calcQuizApp";
			};
			name = Release;
		};
		386F0FD32287FEA2005858C4 /* Debug */ = {
			isa = XCBuildConfiguration;
			buildSettings = {
				ALWAYS_EMBED_SWIFT_STANDARD_LIBRARIES = YES;
				CODE_SIGN_STYLE = Automatic;
				DEVELOPMENT_TEAM = 434V22856W;
				INFOPLIST_FILE = calcQuizAppUITests/Info.plist;
				LD_RUNPATH_SEARCH_PATHS = (
					"$(inherited)",
					"@executable_path/Frameworks",
					"@loader_path/Frameworks",
				);
				PRODUCT_BUNDLE_IDENTIFIER = test.calcQuizAppUITests;
				PRODUCT_NAME = "$(TARGET_NAME)";
				SWIFT_VERSION = 5.0;
				TARGETED_DEVICE_FAMILY = "1,2";
				TEST_TARGET_NAME = calcQuizApp;
			};
			name = Debug;
		};
		386F0FD42287FEA2005858C4 /* Release */ = {
			isa = XCBuildConfiguration;
			buildSettings = {
				ALWAYS_EMBED_SWIFT_STANDARD_LIBRARIES = YES;
				CODE_SIGN_STYLE = Automatic;
				DEVELOPMENT_TEAM = 434V22856W;
				INFOPLIST_FILE = calcQuizAppUITests/Info.plist;
				LD_RUNPATH_SEARCH_PATHS = (
					"$(inherited)",
					"@executable_path/Frameworks",
					"@loader_path/Frameworks",
				);
				PRODUCT_BUNDLE_IDENTIFIER = test.calcQuizAppUITests;
				PRODUCT_NAME = "$(TARGET_NAME)";
				SWIFT_VERSION = 5.0;
				TARGETED_DEVICE_FAMILY = "1,2";
				TEST_TARGET_NAME = calcQuizApp;
			};
			name = Release;
		};
/* End XCBuildConfiguration section */

/* Begin XCConfigurationList section */
		386F0F9F2287FEA0005858C4 /* Build configuration list for PBXProject "calcQuizApp" */ = {
			isa = XCConfigurationList;
			buildConfigurations = (
				386F0FCA2287FEA2005858C4 /* Debug */,
				386F0FCB2287FEA2005858C4 /* Release */,
			);
			defaultConfigurationIsVisible = 0;
			defaultConfigurationName = Release;
		};
		386F0FCC2287FEA2005858C4 /* Build configuration list for PBXNativeTarget "calcQuizApp" */ = {
			isa = XCConfigurationList;
			buildConfigurations = (
				386F0FCD2287FEA2005858C4 /* Debug */,
				386F0FCE2287FEA2005858C4 /* Release */,
			);
			defaultConfigurationIsVisible = 0;
			defaultConfigurationName = Release;
		};
		386F0FCF2287FEA2005858C4 /* Build configuration list for PBXNativeTarget "calcQuizAppTests" */ = {
			isa = XCConfigurationList;
			buildConfigurations = (
				386F0FD02287FEA2005858C4 /* Debug */,
				386F0FD12287FEA2005858C4 /* Release */,
			);
			defaultConfigurationIsVisible = 0;
			defaultConfigurationName = Release;
		};
		386F0FD22287FEA2005858C4 /* Build configuration list for PBXNativeTarget "calcQuizAppUITests" */ = {
			isa = XCConfigurationList;
			buildConfigurations = (
				386F0FD32287FEA2005858C4 /* Debug */,
				386F0FD42287FEA2005858C4 /* Release */,
			);
			defaultConfigurationIsVisible = 0;
			defaultConfigurationName = Release;
		};
/* End XCConfigurationList section */
	};
	rootObject = 386F0F9C2287FEA0005858C4 /* Project object */;
}
